// !$*UTF8*$!
{
	archiveVersion = 1;
	classes = {
	};
	objectVersion = 55;
	objects = {

/* Begin PBXBuildFile section */
		BA88124E28E48A2F00BD832A /* AppDelegate.swift in Sources */ = {isa = PBXBuildFile; fileRef = BA88124D28E48A2F00BD832A /* AppDelegate.swift */; };
		BA88125028E48A2F00BD832A /* SceneDelegate.swift in Sources */ = {isa = PBXBuildFile; fileRef = BA88124F28E48A2F00BD832A /* SceneDelegate.swift */; };
		BA88125228E48A2F00BD832A /* ViewController.swift in Sources */ = {isa = PBXBuildFile; fileRef = BA88125128E48A2F00BD832A /* ViewController.swift */; };
		BA88125728E48A3000BD832A /* Assets.xcassets in Resources */ = {isa = PBXBuildFile; fileRef = BA88125628E48A3000BD832A /* Assets.xcassets */; };
		BA88125A28E48A3000BD832A /* LaunchScreen.storyboard in Resources */ = {isa = PBXBuildFile; fileRef = BA88125828E48A3000BD832A /* LaunchScreen.storyboard */; };
		BA88126228E48A5800BD832A /* BaseViewController.swift in Sources */ = {isa = PBXBuildFile; fileRef = BA88126128E48A5800BD832A /* BaseViewController.swift */; };
		BA88126528E48A7A00BD832A /* RxCocoa in Frameworks */ = {isa = PBXBuildFile; productRef = BA88126428E48A7A00BD832A /* RxCocoa */; };
		BA88126728E48A7A00BD832A /* RxSwift in Frameworks */ = {isa = PBXBuildFile; productRef = BA88126628E48A7A00BD832A /* RxSwift */; };
		BA88126A28E48A8D00BD832A /* Then in Frameworks */ = {isa = PBXBuildFile; productRef = BA88126928E48A8D00BD832A /* Then */; };
		BA88126D28E48AB700BD832A /* SnapKit in Frameworks */ = {isa = PBXBuildFile; productRef = BA88126C28E48AB700BD832A /* SnapKit */; };
		BA88127028E48AC800BD832A /* Alamofire in Frameworks */ = {isa = PBXBuildFile; productRef = BA88126F28E48AC800BD832A /* Alamofire */; };
/* End PBXBuildFile section */

/* Begin PBXFileReference section */
		BA88124A28E48A2F00BD832A /* PLUB.app */ = {isa = PBXFileReference; explicitFileType = wrapper.application; includeInIndex = 0; path = PLUB.app; sourceTree = BUILT_PRODUCTS_DIR; };
		BA88124D28E48A2F00BD832A /* AppDelegate.swift */ = {isa = PBXFileReference; lastKnownFileType = sourcecode.swift; path = AppDelegate.swift; sourceTree = "<group>"; };
		BA88124F28E48A2F00BD832A /* SceneDelegate.swift */ = {isa = PBXFileReference; lastKnownFileType = sourcecode.swift; path = SceneDelegate.swift; sourceTree = "<group>"; };
		BA88125128E48A2F00BD832A /* ViewController.swift */ = {isa = PBXFileReference; lastKnownFileType = sourcecode.swift; path = ViewController.swift; sourceTree = "<group>"; };
		BA88125628E48A3000BD832A /* Assets.xcassets */ = {isa = PBXFileReference; lastKnownFileType = folder.assetcatalog; path = Assets.xcassets; sourceTree = "<group>"; };
		BA88125928E48A3000BD832A /* Base */ = {isa = PBXFileReference; lastKnownFileType = file.storyboard; name = Base; path = Base.lproj/LaunchScreen.storyboard; sourceTree = "<group>"; };
		BA88125B28E48A3000BD832A /* Info.plist */ = {isa = PBXFileReference; lastKnownFileType = text.plist.xml; path = Info.plist; sourceTree = "<group>"; };
		BA88126128E48A5800BD832A /* BaseViewController.swift */ = {isa = PBXFileReference; lastKnownFileType = sourcecode.swift; path = BaseViewController.swift; sourceTree = "<group>"; };
/* End PBXFileReference section */

/* Begin PBXFrameworksBuildPhase section */
		BA88124728E48A2F00BD832A /* Frameworks */ = {
			isa = PBXFrameworksBuildPhase;
			buildActionMask = 2147483647;
			files = (
				BA88127028E48AC800BD832A /* Alamofire in Frameworks */,
				BA88126728E48A7A00BD832A /* RxSwift in Frameworks */,
				BA88126D28E48AB700BD832A /* SnapKit in Frameworks */,
				BA88126A28E48A8D00BD832A /* Then in Frameworks */,
				BA88126528E48A7A00BD832A /* RxCocoa in Frameworks */,
			);
			runOnlyForDeploymentPostprocessing = 0;
		};
/* End PBXFrameworksBuildPhase section */

/* Begin PBXGroup section */
		BA88124128E48A2F00BD832A = {
			isa = PBXGroup;
			children = (
				BA88124C28E48A2F00BD832A /* PLUB */,
				BA88124B28E48A2F00BD832A /* Products */,
			);
			sourceTree = "<group>";
		};
		BA88124B28E48A2F00BD832A /* Products */ = {
			isa = PBXGroup;
			children = (
				BA88124A28E48A2F00BD832A /* PLUB.app */,
			);
			name = Products;
			sourceTree = "<group>";
		};
		BA88124C28E48A2F00BD832A /* PLUB */ = {
			isa = PBXGroup;
			children = (
				BA88124D28E48A2F00BD832A /* AppDelegate.swift */,
				BA88124F28E48A2F00BD832A /* SceneDelegate.swift */,
				BA88126128E48A5800BD832A /* BaseViewController.swift */,
				BA88125128E48A2F00BD832A /* ViewController.swift */,
				BA88125628E48A3000BD832A /* Assets.xcassets */,
				BA88125828E48A3000BD832A /* LaunchScreen.storyboard */,
				BA88125B28E48A3000BD832A /* Info.plist */,
			);
			path = PLUB;
			sourceTree = "<group>";
		};
/* End PBXGroup section */

/* Begin PBXNativeTarget section */
		BA88124928E48A2F00BD832A /* PLUB */ = {
			isa = PBXNativeTarget;
			buildConfigurationList = BA88125E28E48A3000BD832A /* Build configuration list for PBXNativeTarget "PLUB" */;
			buildPhases = (
				BA88124628E48A2F00BD832A /* Sources */,
				BA88124728E48A2F00BD832A /* Frameworks */,
				BA88124828E48A2F00BD832A /* Resources */,
			);
			buildRules = (
			);
			dependencies = (
			);
			name = PLUB;
			packageProductDependencies = (
				BA88126428E48A7A00BD832A /* RxCocoa */,
				BA88126628E48A7A00BD832A /* RxSwift */,
				BA88126928E48A8D00BD832A /* Then */,
				BA88126C28E48AB700BD832A /* SnapKit */,
				BA88126F28E48AC800BD832A /* Alamofire */,
			);
			productName = PLUB;
			productReference = BA88124A28E48A2F00BD832A /* PLUB.app */;
			productType = "com.apple.product-type.application";
		};
/* End PBXNativeTarget section */

/* Begin PBXProject section */
		BA88124228E48A2F00BD832A /* Project object */ = {
			isa = PBXProject;
			attributes = {
				BuildIndependentTargetsInParallel = 1;
				LastSwiftUpdateCheck = 1400;
				LastUpgradeCheck = 1400;
				TargetAttributes = {
					BA88124928E48A2F00BD832A = {
						CreatedOnToolsVersion = 14.0.1;
					};
				};
			};
			buildConfigurationList = BA88124528E48A2F00BD832A /* Build configuration list for PBXProject "PLUB" */;
			compatibilityVersion = "Xcode 13.0";
			developmentRegion = en;
			hasScannedForEncodings = 0;
			knownRegions = (
				en,
				Base,
			);
			mainGroup = BA88124128E48A2F00BD832A;
			packageReferences = (
				BA88126328E48A7A00BD832A /* XCRemoteSwiftPackageReference "RxSwift" */,
				BA88126828E48A8D00BD832A /* XCRemoteSwiftPackageReference "Then" */,
				BA88126B28E48AB700BD832A /* XCRemoteSwiftPackageReference "SnapKit" */,
				BA88126E28E48AC800BD832A /* XCRemoteSwiftPackageReference "Alamofire" */,
			);
			productRefGroup = BA88124B28E48A2F00BD832A /* Products */;
			projectDirPath = "";
			projectRoot = "";
			targets = (
				BA88124928E48A2F00BD832A /* PLUB */,
			);
		};
/* End PBXProject section */

/* Begin PBXResourcesBuildPhase section */
		BA88124828E48A2F00BD832A /* Resources */ = {
			isa = PBXResourcesBuildPhase;
			buildActionMask = 2147483647;
			files = (
				BA88125A28E48A3000BD832A /* LaunchScreen.storyboard in Resources */,
				BA88125728E48A3000BD832A /* Assets.xcassets in Resources */,
			);
			runOnlyForDeploymentPostprocessing = 0;
		};
/* End PBXResourcesBuildPhase section */

/* Begin PBXSourcesBuildPhase section */
		BA88124628E48A2F00BD832A /* Sources */ = {
			isa = PBXSourcesBuildPhase;
			buildActionMask = 2147483647;
			files = (
				BA88125228E48A2F00BD832A /* ViewController.swift in Sources */,
				BA88126228E48A5800BD832A /* BaseViewController.swift in Sources */,
				BA88124E28E48A2F00BD832A /* AppDelegate.swift in Sources */,
				BA88125028E48A2F00BD832A /* SceneDelegate.swift in Sources */,
			);
			runOnlyForDeploymentPostprocessing = 0;
		};
/* End PBXSourcesBuildPhase section */

/* Begin PBXVariantGroup section */
		BA88125828E48A3000BD832A /* LaunchScreen.storyboard */ = {
			isa = PBXVariantGroup;
			children = (
				BA88125928E48A3000BD832A /* Base */,
			);
			name = LaunchScreen.storyboard;
			sourceTree = "<group>";
		};
/* End PBXVariantGroup section */

/* Begin XCBuildConfiguration section */
		BA88125C28E48A3000BD832A /* Debug */ = {
			isa = XCBuildConfiguration;
			buildSettings = {
				ALWAYS_SEARCH_USER_PATHS = NO;
				CLANG_ANALYZER_NONNULL = YES;
				CLANG_ANALYZER_NUMBER_OBJECT_CONVERSION = YES_AGGRESSIVE;
				CLANG_CXX_LANGUAGE_STANDARD = "gnu++20";
				CLANG_ENABLE_MODULES = YES;
				CLANG_ENABLE_OBJC_ARC = YES;
				CLANG_ENABLE_OBJC_WEAK = YES;
				CLANG_WARN_BLOCK_CAPTURE_AUTORELEASING = YES;
				CLANG_WARN_BOOL_CONVERSION = YES;
				CLANG_WARN_COMMA = YES;
				CLANG_WARN_CONSTANT_CONVERSION = YES;
				CLANG_WARN_DEPRECATED_OBJC_IMPLEMENTATIONS = YES;
				CLANG_WARN_DIRECT_OBJC_ISA_USAGE = YES_ERROR;
				CLANG_WARN_DOCUMENTATION_COMMENTS = YES;
				CLANG_WARN_EMPTY_BODY = YES;
				CLANG_WARN_ENUM_CONVERSION = YES;
				CLANG_WARN_INFINITE_RECURSION = YES;
				CLANG_WARN_INT_CONVERSION = YES;
				CLANG_WARN_NON_LITERAL_NULL_CONVERSION = YES;
				CLANG_WARN_OBJC_IMPLICIT_RETAIN_SELF = YES;
				CLANG_WARN_OBJC_LITERAL_CONVERSION = YES;
				CLANG_WARN_OBJC_ROOT_CLASS = YES_ERROR;
				CLANG_WARN_QUOTED_INCLUDE_IN_FRAMEWORK_HEADER = YES;
				CLANG_WARN_RANGE_LOOP_ANALYSIS = YES;
				CLANG_WARN_STRICT_PROTOTYPES = YES;
				CLANG_WARN_SUSPICIOUS_MOVE = YES;
				CLANG_WARN_UNGUARDED_AVAILABILITY = YES_AGGRESSIVE;
				CLANG_WARN_UNREACHABLE_CODE = YES;
				CLANG_WARN__DUPLICATE_METHOD_MATCH = YES;
				COPY_PHASE_STRIP = NO;
				DEBUG_INFORMATION_FORMAT = dwarf;
				ENABLE_STRICT_OBJC_MSGSEND = YES;
				ENABLE_TESTABILITY = YES;
				GCC_C_LANGUAGE_STANDARD = gnu11;
				GCC_DYNAMIC_NO_PIC = NO;
				GCC_NO_COMMON_BLOCKS = YES;
				GCC_OPTIMIZATION_LEVEL = 0;
				GCC_PREPROCESSOR_DEFINITIONS = (
					"DEBUG=1",
					"$(inherited)",
				);
				GCC_WARN_64_TO_32_BIT_CONVERSION = YES;
				GCC_WARN_ABOUT_RETURN_TYPE = YES_ERROR;
				GCC_WARN_UNDECLARED_SELECTOR = YES;
				GCC_WARN_UNINITIALIZED_AUTOS = YES_AGGRESSIVE;
				GCC_WARN_UNUSED_FUNCTION = YES;
				GCC_WARN_UNUSED_VARIABLE = YES;
				IPHONEOS_DEPLOYMENT_TARGET = 15.0;
				MTL_ENABLE_DEBUG_INFO = INCLUDE_SOURCE;
				MTL_FAST_MATH = YES;
				ONLY_ACTIVE_ARCH = YES;
				SDKROOT = iphoneos;
				SWIFT_ACTIVE_COMPILATION_CONDITIONS = DEBUG;
				SWIFT_OPTIMIZATION_LEVEL = "-Onone";
			};
			name = Debug;
		};
		BA88125D28E48A3000BD832A /* Release */ = {
			isa = XCBuildConfiguration;
			buildSettings = {
				ALWAYS_SEARCH_USER_PATHS = NO;
				CLANG_ANALYZER_NONNULL = YES;
				CLANG_ANALYZER_NUMBER_OBJECT_CONVERSION = YES_AGGRESSIVE;
				CLANG_CXX_LANGUAGE_STANDARD = "gnu++20";
				CLANG_ENABLE_MODULES = YES;
				CLANG_ENABLE_OBJC_ARC = YES;
				CLANG_ENABLE_OBJC_WEAK = YES;
				CLANG_WARN_BLOCK_CAPTURE_AUTORELEASING = YES;
				CLANG_WARN_BOOL_CONVERSION = YES;
				CLANG_WARN_COMMA = YES;
				CLANG_WARN_CONSTANT_CONVERSION = YES;
				CLANG_WARN_DEPRECATED_OBJC_IMPLEMENTATIONS = YES;
				CLANG_WARN_DIRECT_OBJC_ISA_USAGE = YES_ERROR;
				CLANG_WARN_DOCUMENTATION_COMMENTS = YES;
				CLANG_WARN_EMPTY_BODY = YES;
				CLANG_WARN_ENUM_CONVERSION = YES;
				CLANG_WARN_INFINITE_RECURSION = YES;
				CLANG_WARN_INT_CONVERSION = YES;
				CLANG_WARN_NON_LITERAL_NULL_CONVERSION = YES;
				CLANG_WARN_OBJC_IMPLICIT_RETAIN_SELF = YES;
				CLANG_WARN_OBJC_LITERAL_CONVERSION = YES;
				CLANG_WARN_OBJC_ROOT_CLASS = YES_ERROR;
				CLANG_WARN_QUOTED_INCLUDE_IN_FRAMEWORK_HEADER = YES;
				CLANG_WARN_RANGE_LOOP_ANALYSIS = YES;
				CLANG_WARN_STRICT_PROTOTYPES = YES;
				CLANG_WARN_SUSPICIOUS_MOVE = YES;
				CLANG_WARN_UNGUARDED_AVAILABILITY = YES_AGGRESSIVE;
				CLANG_WARN_UNREACHABLE_CODE = YES;
				CLANG_WARN__DUPLICATE_METHOD_MATCH = YES;
				COPY_PHASE_STRIP = NO;
				DEBUG_INFORMATION_FORMAT = "dwarf-with-dsym";
				ENABLE_NS_ASSERTIONS = NO;
				ENABLE_STRICT_OBJC_MSGSEND = YES;
				GCC_C_LANGUAGE_STANDARD = gnu11;
				GCC_NO_COMMON_BLOCKS = YES;
				GCC_WARN_64_TO_32_BIT_CONVERSION = YES;
				GCC_WARN_ABOUT_RETURN_TYPE = YES_ERROR;
				GCC_WARN_UNDECLARED_SELECTOR = YES;
				GCC_WARN_UNINITIALIZED_AUTOS = YES_AGGRESSIVE;
				GCC_WARN_UNUSED_FUNCTION = YES;
				GCC_WARN_UNUSED_VARIABLE = YES;
				IPHONEOS_DEPLOYMENT_TARGET = 15.0;
				MTL_ENABLE_DEBUG_INFO = NO;
				MTL_FAST_MATH = YES;
				SDKROOT = iphoneos;
				SWIFT_COMPILATION_MODE = wholemodule;
				SWIFT_OPTIMIZATION_LEVEL = "-O";
				VALIDATE_PRODUCT = YES;
			};
			name = Release;
		};
		BA88125F28E48A3000BD832A /* Debug */ = {
			isa = XCBuildConfiguration;
			buildSettings = {
				ASSETCATALOG_COMPILER_APPICON_NAME = AppIcon;
				ASSETCATALOG_COMPILER_GLOBAL_ACCENT_COLOR_NAME = AccentColor;
				CODE_SIGN_STYLE = Automatic;
				CURRENT_PROJECT_VERSION = 1;
				DEVELOPMENT_TEAM = 2ZQR76M3UH;
				GENERATE_INFOPLIST_FILE = YES;
				INFOPLIST_FILE = PLUB/Info.plist;
				INFOPLIST_KEY_UIApplicationSupportsIndirectInputEvents = YES;
				INFOPLIST_KEY_UILaunchStoryboardName = LaunchScreen;
				INFOPLIST_KEY_UISupportedInterfaceOrientations_iPad = "UIInterfaceOrientationPortrait UIInterfaceOrientationPortraitUpsideDown UIInterfaceOrientationLandscapeLeft UIInterfaceOrientationLandscapeRight";
				INFOPLIST_KEY_UISupportedInterfaceOrientations_iPhone = "UIInterfaceOrientationPortrait UIInterfaceOrientationLandscapeLeft UIInterfaceOrientationLandscapeRight";
				IPHONEOS_DEPLOYMENT_TARGET = 15.0;
				LD_RUNPATH_SEARCH_PATHS = (
					"$(inherited)",
					"@executable_path/Frameworks",
				);
				MARKETING_VERSION = 1.0;
				PRODUCT_BUNDLE_IDENTIFIER = com.PLUB.PLUB;
				PRODUCT_NAME = "$(TARGET_NAME)";
				SWIFT_EMIT_LOC_STRINGS = YES;
				SWIFT_VERSION = 5.0;
				TARGETED_DEVICE_FAMILY = "1,2";
			};
			name = Debug;
		};
		BA88126028E48A3000BD832A /* Release */ = {
			isa = XCBuildConfiguration;
			buildSettings = {
				ASSETCATALOG_COMPILER_APPICON_NAME = AppIcon;
				ASSETCATALOG_COMPILER_GLOBAL_ACCENT_COLOR_NAME = AccentColor;
				CODE_SIGN_STYLE = Automatic;
				CURRENT_PROJECT_VERSION = 1;
				DEVELOPMENT_TEAM = 2ZQR76M3UH;
				GENERATE_INFOPLIST_FILE = YES;
				INFOPLIST_FILE = PLUB/Info.plist;
				INFOPLIST_KEY_UIApplicationSupportsIndirectInputEvents = YES;
				INFOPLIST_KEY_UILaunchStoryboardName = LaunchScreen;
				INFOPLIST_KEY_UISupportedInterfaceOrientations_iPad = "UIInterfaceOrientationPortrait UIInterfaceOrientationPortraitUpsideDown UIInterfaceOrientationLandscapeLeft UIInterfaceOrientationLandscapeRight";
				INFOPLIST_KEY_UISupportedInterfaceOrientations_iPhone = "UIInterfaceOrientationPortrait UIInterfaceOrientationLandscapeLeft UIInterfaceOrientationLandscapeRight";
				IPHONEOS_DEPLOYMENT_TARGET = 15.0;
				LD_RUNPATH_SEARCH_PATHS = (
					"$(inherited)",
					"@executable_path/Frameworks",
				);
				MARKETING_VERSION = 1.0;
				PRODUCT_BUNDLE_IDENTIFIER = com.PLUB.PLUB;
				PRODUCT_NAME = "$(TARGET_NAME)";
				SWIFT_EMIT_LOC_STRINGS = YES;
				SWIFT_VERSION = 5.0;
				TARGETED_DEVICE_FAMILY = "1,2";
			};
			name = Release;
		};
/* End XCBuildConfiguration section */

/* Begin XCConfigurationList section */
		BA88124528E48A2F00BD832A /* Build configuration list for PBXProject "PLUB" */ = {
			isa = XCConfigurationList;
			buildConfigurations = (
				BA88125C28E48A3000BD832A /* Debug */,
				BA88125D28E48A3000BD832A /* Release */,
			);
			defaultConfigurationIsVisible = 0;
			defaultConfigurationName = Release;
		};
		BA88125E28E48A3000BD832A /* Build configuration list for PBXNativeTarget "PLUB" */ = {
			isa = XCConfigurationList;
			buildConfigurations = (
				BA88125F28E48A3000BD832A /* Debug */,
				BA88126028E48A3000BD832A /* Release */,
			);
			defaultConfigurationIsVisible = 0;
			defaultConfigurationName = Release;
		};
/* End XCConfigurationList section */

/* Begin XCRemoteSwiftPackageReference section */
		BA88126328E48A7A00BD832A /* XCRemoteSwiftPackageReference "RxSwift" */ = {
			isa = XCRemoteSwiftPackageReference;
			repositoryURL = "https://github.com/ReactiveX/RxSwift";
			requirement = {
				branch = main;
				kind = branch;
			};
		};
		BA88126828E48A8D00BD832A /* XCRemoteSwiftPackageReference "Then" */ = {
			isa = XCRemoteSwiftPackageReference;
			repositoryURL = "https://github.com/devxoul/Then";
			requirement = {
				branch = master;
				kind = branch;
			};
		};
		BA88126B28E48AB700BD832A /* XCRemoteSwiftPackageReference "SnapKit" */ = {
			isa = XCRemoteSwiftPackageReference;
			repositoryURL = "https://github.com/SnapKit/SnapKit";
			requirement = {
				branch = main;
				kind = branch;
			};
		};
		BA88126E28E48AC800BD832A /* XCRemoteSwiftPackageReference "Alamofire" */ = {
			isa = XCRemoteSwiftPackageReference;
			repositoryURL = "https://github.com/Alamofire/Alamofire";
			requirement = {
				branch = master;
				kind = branch;
			};
		};
/* End XCRemoteSwiftPackageReference section */

/* Begin XCSwiftPackageProductDependency section */
		BA88126428E48A7A00BD832A /* RxCocoa */ = {
			isa = XCSwiftPackageProductDependency;
			package = BA88126328E48A7A00BD832A /* XCRemoteSwiftPackageReference "RxSwift" */;
			productName = RxCocoa;
		};
		BA88126628E48A7A00BD832A /* RxSwift */ = {
			isa = XCSwiftPackageProductDependency;
			package = BA88126328E48A7A00BD832A /* XCRemoteSwiftPackageReference "RxSwift" */;
			productName = RxSwift;
		};
		BA88126928E48A8D00BD832A /* Then */ = {
			isa = XCSwiftPackageProductDependency;
			package = BA88126828E48A8D00BD832A /* XCRemoteSwiftPackageReference "Then" */;
			productName = Then;
		};
		BA88126C28E48AB700BD832A /* SnapKit */ = {
			isa = XCSwiftPackageProductDependency;
			package = BA88126B28E48AB700BD832A /* XCRemoteSwiftPackageReference "SnapKit" */;
			productName = SnapKit;
		};
		BA88126F28E48AC800BD832A /* Alamofire */ = {
			isa = XCSwiftPackageProductDependency;
			package = BA88126E28E48AC800BD832A /* XCRemoteSwiftPackageReference "Alamofire" */;
			productName = Alamofire;
		};
/* End XCSwiftPackageProductDependency section */
	};
	rootObject = BA88124228E48A2F00BD832A /* Project object */;
}
